<?xml version="1.0" encoding="UTF-8" standalone="yes" ?>
<CodeBlocks_project_file>
	<FileVersion major="1" minor="6" />
	<Project>
		<Option title="PendulumSimulator" />
		<Option pch_mode="2" />
		<Option compiler="gcc" />
		<Build>
			<Target title="Debug">
				<Option output="bin/Debug/PendulumSimulator" prefix_auto="1" extension_auto="1" />
				<Option object_output="obj/Debug/" />
				<Option type="0" />
				<Option compiler="gcc" />
				<Compiler>
					<Add option="-g" />
					<Add option="-lmingw32 -lSDLmain -lSDL" />
				</Compiler>
				<Linker>
					<Add option="-lmingw32 -lSDL2main -lSDL2 -lSDL2_image" />
				</Linker>
			</Target>
			<Target title="Release">
				<Option output="bin/Release/PendulumSimulator" prefix_auto="1" extension_auto="1" />
				<Option object_output="obj/Release/" />
				<Option type="0" />
				<Option compiler="gcc" />
				<Compiler>
					<Add option="-O2" />
				</Compiler>
				<Linker>
					<Add option="-s" />
				</Linker>
			</Target>
		</Build>
		<Compiler>
			<Add option="-Wall" />
			<Add directory="C:/SDL2-2.0.3/i686-w64-mingw32/include" />
		</Compiler>
		<Linker>
			<Add option="-lmingw32 -lSDL2main -lSDL2" />
			<Add library="C:\SDL2-2.0.3\i686-w64-mingw32\lib\libSDL2.a" />
			<Add library="C:\SDL2-2.0.3\i686-w64-mingw32\lib\libSDL2main.a" />
			<Add directory="C:/SDL2-2.0.3/i686-w64-mingw32/lib" />
		</Linker>
		<Unit filename="Vector/Quaternion.cpp" />
		<Unit filename="Vector/Vector.h" />
		<Unit filename="Vector/Vector2d.cpp" />
		<Unit filename="Vector/Vector3d.cpp" />
		<Unit filename="background.png" />
		<Unit filename="ball.png" />
		<Unit filename="gameeng.cpp" />
		<Unit filename="gameeng.h" />
		<Unit filename="main.cpp" />
		<Unit filename="physeng.cpp" />
		<Unit filename="physeng.h" />
		<Unit filename="physeng_constraint.cpp" />
		<Unit filename="physeng_constraint.h" />
		<Unit filename="sdlgameeng.cpp" />
		<Unit filename="sdlgameeng.h" />
		<Unit filename="shape_solver.cpp" />
		<Unit filename="shape_solver.h" />
		<Extensions>
			<code_completion />
			<envvars />
			<debugger />
			<wxsmith version="1">
				<gui name="wxWidgets" src="" main="" init_handlers="necessary" language="CPP" />
			</wxsmith>
		</Extensions>
	</Project>
</CodeBlocks_project_file>
